
Microsoft Visual Studio Solution File, Format Version 12.00
# Visual Studio 15
VisualStudioVersion = 15.0.27703.2000
MinimumVisualStudioVersion = 10.0.40219.1
Project("{FAE04EC0-301F-11D3-BF4B-00C04F79EFBC}") = "RecipeCourseProject", "RecipeCourseProject\RecipeCourseProject.csproj", "{9DBBFAE7-EB1E-4C6E-B15A-20C6A430C23F}"
EndProject
Project("{FAE04EC0-301F-11D3-BF4B-00C04F79EFBC}") = "DataAccess", "DataAccess\DataAccess.csproj", "{7289A18F-07EB-4437-8B15-94BEFB23FECC}"
EndProject
Project("{FAE04EC0-301F-11D3-BF4B-00C04F79EFBC}") = "Repositories", "Repositories\Repositories.csproj", "{5DA6B087-9FB9-47D8-A203-9BB1DB08EA34}"
EndProject
Project("{00D1A9C2-B5F0-4AF3-8072-F6C62B433612}") = "RecipesDB", "RecipesDB\RecipesDB.sqlproj", "{ED4E3BC3-5180-4061-96A9-D1AD07A3B7AC}"
EndProject
Global
	GlobalSection(SolutionConfigurationPlatforms) = preSolution
		Debug|Any CPU = Debug|Any CPU
		Release|Any CPU = Release|Any CPU
	EndGlobalSection
	GlobalSection(ProjectConfigurationPlatforms) = postSolution
		{9DBBFAE7-EB1E-4C6E-B15A-20C6A430C23F}.Debug|Any CPU.ActiveCfg = Debug|Any CPU
		{9DBBFAE7-EB1E-4C6E-B15A-20C6A430C23F}.Debug|Any CPU.Build.0 = Debug|Any CPU
		{9DBBFAE7-EB1E-4C6E-B15A-20C6A430C23F}.Release|Any CPU.ActiveCfg = Release|Any CPU
		{9DBBFAE7-EB1E-4C6E-B15A-20C6A430C23F}.Release|Any CPU.Build.0 = Release|Any CPU
		{7289A18F-07EB-4437-8B15-94BEFB23FECC}.Debug|Any CPU.ActiveCfg = Debug|Any CPU
		{7289A18F-07EB-4437-8B15-94BEFB23FECC}.Debug|Any CPU.Build.0 = Debug|Any CPU
		{7289A18F-07EB-4437-8B15-94BEFB23FECC}.Release|Any CPU.ActiveCfg = Release|Any CPU
		{7289A18F-07EB-4437-8B15-94BEFB23FECC}.Release|Any CPU.Build.0 = Release|Any CPU
		{5DA6B087-9FB9-47D8-A203-9BB1DB08EA34}.Debug|Any CPU.ActiveCfg = Debug|Any CPU
		{5DA6B087-9FB9-47D8-A203-9BB1DB08EA34}.Debug|Any CPU.Build.0 = Debug|Any CPU
		{5DA6B087-9FB9-47D8-A203-9BB1DB08EA34}.Release|Any CPU.ActiveCfg = Release|Any CPU
		{5DA6B087-9FB9-47D8-A203-9BB1DB08EA34}.Release|Any CPU.Build.0 = Release|Any CPU
		{ED4E3BC3-5180-4061-96A9-D1AD07A3B7AC}.Debug|Any CPU.ActiveCfg = Debug|Any CPU
		{ED4E3BC3-5180-4061-96A9-D1AD07A3B7AC}.Debug|Any CPU.Build.0 = Debug|Any CPU
		{ED4E3BC3-5180-4061-96A9-D1AD07A3B7AC}.Debug|Any CPU.Deploy.0 = Debug|Any CPU
		{ED4E3BC3-5180-4061-96A9-D1AD07A3B7AC}.Release|Any CPU.ActiveCfg = Release|Any CPU
		{ED4E3BC3-5180-4061-96A9-D1AD07A3B7AC}.Release|Any CPU.Build.0 = Release|Any CPU
		{ED4E3BC3-5180-4061-96A9-D1AD07A3B7AC}.Release|Any CPU.Deploy.0 = Release|Any CPU
	EndGlobalSection
	GlobalSection(SolutionProperties) = preSolution
		HideSolutionNode = FALSE
	EndGlobalSection
	GlobalSection(ExtensibilityGlobals) = postSolution
		SolutionGuid = {16622ED4-50D0-4CEF-824D-AD5276490C38}
	EndGlobalSection
EndGlobal
